// !$*UTF8*$!
{
	archiveVersion = 1;
	classes = {
	};
	objectVersion = 77;
	objects = {

/* Begin PBXBuildFile section */
		1EF66FBB529C8738382973B7 /* FinderMDApp.swift in Sources */ = {isa = PBXBuildFile; fileRef = 3C5652593496F8816C74C27E /* FinderMDApp.swift */; };
		2569CBA05BA9A8F3F64B338E /* ThemeSettingsView.swift in Sources */ = {isa = PBXBuildFile; fileRef = A0983966C30B2926236C6C8A /* ThemeSettingsView.swift */; };
		2B4B381BC897D464ED027E73 /* PreviewView.swift in Sources */ = {isa = PBXBuildFile; fileRef = C1E934B47E68FD7295C24D73 /* PreviewView.swift */; };
		2F43BEEEE2A01B9DFDB4CB59 /* ContentView.swift in Sources */ = {isa = PBXBuildFile; fileRef = AF4F19274ACC923062DE0FFF /* ContentView.swift */; };
		348ECCC8A9A213526EA7EB92 /* ThumbnailProvider.swift in Sources */ = {isa = PBXBuildFile; fileRef = 55994B1C5D8B5559071B0058 /* ThumbnailProvider.swift */; };
		3B276B3868EB0ABB747DE248 /* FontSettingsView.swift in Sources */ = {isa = PBXBuildFile; fileRef = 0937D8E30AD06B5850F71E82 /* FontSettingsView.swift */; };
		4B8D4F38BC94D4E10AE80FB9 /* ThumbnailExtension.appex in Embed Foundation Extensions */ = {isa = PBXBuildFile; fileRef = CE470A1F22FC6F8710654390 /* ThumbnailExtension.appex */; settings = {ATTRIBUTES = (CodeSignOnCopy, RemoveHeadersOnCopy, ); }; };
		559CD285503F42E24582D654 /* MarkdownShared in Frameworks */ = {isa = PBXBuildFile; productRef = 7D8154FA13F173BA91BC7FC8 /* MarkdownShared */; };
		5DA738FE4CEF86F772EEB0FA /* AppSettings.swift in Sources */ = {isa = PBXBuildFile; fileRef = B7DDADA5F05AF9795F9C48CA /* AppSettings.swift */; };
		7C7B2BFC154A34F239104136 /* QuickLookExtension.appex in Embed Foundation Extensions */ = {isa = PBXBuildFile; fileRef = C28A4726881D9608DC88CFEB /* QuickLookExtension.appex */; settings = {ATTRIBUTES = (CodeSignOnCopy, RemoveHeadersOnCopy, ); }; };
		8049D3532EA7A1FC992E6D2D /* ExtensionStatusView.swift in Sources */ = {isa = PBXBuildFile; fileRef = 240FC258E3F09BE9069741FD /* ExtensionStatusView.swift */; };
		B3ADFDB903A59052F07DCE54 /* PreviewViewController.swift in Sources */ = {isa = PBXBuildFile; fileRef = 0B7220D2C68FA233D6CF0917 /* PreviewViewController.swift */; };
		D1B1D90ABC64A87E7742B980 /* Quartz.framework in Frameworks */ = {isa = PBXBuildFile; fileRef = CADBA398014672D2605600EA /* Quartz.framework */; };
		F2AEAED197DB8A5E9933AF6D /* MarkdownShared in Frameworks */ = {isa = PBXBuildFile; productRef = 09C3A5AFF36B054624BCAE4E /* MarkdownShared */; };
		FF5C6BCCED96C2283FE8922B /* MarkdownShared in Frameworks */ = {isa = PBXBuildFile; productRef = 2E32E581FA5047CC37418680 /* MarkdownShared */; };
/* End PBXBuildFile section */

/* Begin PBXContainerItemProxy section */
		2225F2DD82352D06D830BCC8 /* PBXContainerItemProxy */ = {
			isa = PBXContainerItemProxy;
			containerPortal = 6842D69833255521C3A45C4F /* Project object */;
			proxyType = 1;
			remoteGlobalIDString = D8F0C177B022270F6FA041A2;
			remoteInfo = QuickLookExtension;
		};
		8CB17FBCB9452E04AD443A8A /* PBXContainerItemProxy */ = {
			isa = PBXContainerItemProxy;
			containerPortal = 6842D69833255521C3A45C4F /* Project object */;
			proxyType = 1;
			remoteGlobalIDString = 2B3CFA6F0F8A04B3D5ADE41A;
			remoteInfo = ThumbnailExtension;
		};
/* End PBXContainerItemProxy section */

/* Begin PBXCopyFilesBuildPhase section */
		FF954CEE9E8ED3BCAE2314D9 /* Embed Foundation Extensions */ = {
			isa = PBXCopyFilesBuildPhase;
			buildActionMask = 2147483647;
			dstPath = "";
			dstSubfolderSpec = 13;
			files = (
				7C7B2BFC154A34F239104136 /* QuickLookExtension.appex in Embed Foundation Extensions */,
				4B8D4F38BC94D4E10AE80FB9 /* ThumbnailExtension.appex in Embed Foundation Extensions */,
			);
			name = "Embed Foundation Extensions";
			runOnlyForDeploymentPostprocessing = 0;
		};
/* End PBXCopyFilesBuildPhase section */

/* Begin PBXFileReference section */
		0937D8E30AD06B5850F71E82 /* FontSettingsView.swift */ = {isa = PBXFileReference; lastKnownFileType = sourcecode.swift; path = FontSettingsView.swift; sourceTree = "<group>"; };
		0B7220D2C68FA233D6CF0917 /* PreviewViewController.swift */ = {isa = PBXFileReference; lastKnownFileType = sourcecode.swift; path = PreviewViewController.swift; sourceTree = "<group>"; };
		240FC258E3F09BE9069741FD /* ExtensionStatusView.swift */ = {isa = PBXFileReference; lastKnownFileType = sourcecode.swift; path = ExtensionStatusView.swift; sourceTree = "<group>"; };
		3C5652593496F8816C74C27E /* FinderMDApp.swift */ = {isa = PBXFileReference; lastKnownFileType = sourcecode.swift; path = FinderMDApp.swift; sourceTree = "<group>"; };
		521027EC1B2371DDADCC92CB /* FinderMD.app */ = {isa = PBXFileReference; explicitFileType = wrapper.application; includeInIndex = 0; path = FinderMD.app; sourceTree = BUILT_PRODUCTS_DIR; };
		55994B1C5D8B5559071B0058 /* ThumbnailProvider.swift */ = {isa = PBXFileReference; lastKnownFileType = sourcecode.swift; path = ThumbnailProvider.swift; sourceTree = "<group>"; };
		5D2360C503D5A7FF5720FA7A /* MarkdownShared */ = {isa = PBXFileReference; lastKnownFileType = folder; name = MarkdownShared; path = MarkdownShared; sourceTree = SOURCE_ROOT; };
		68BDAFCFB5A3A6101AED6ECB /* Info.plist */ = {isa = PBXFileReference; lastKnownFileType = text.plist; path = Info.plist; sourceTree = "<group>"; };
		8F2605DE6FB4ADD71B0B747B /* Info.plist */ = {isa = PBXFileReference; lastKnownFileType = text.plist; path = Info.plist; sourceTree = "<group>"; };
		A0983966C30B2926236C6C8A /* ThemeSettingsView.swift */ = {isa = PBXFileReference; lastKnownFileType = sourcecode.swift; path = ThemeSettingsView.swift; sourceTree = "<group>"; };
		AF4F19274ACC923062DE0FFF /* ContentView.swift */ = {isa = PBXFileReference; lastKnownFileType = sourcecode.swift; path = ContentView.swift; sourceTree = "<group>"; };
		B7DDADA5F05AF9795F9C48CA /* AppSettings.swift */ = {isa = PBXFileReference; lastKnownFileType = sourcecode.swift; path = AppSettings.swift; sourceTree = "<group>"; };
		C1E934B47E68FD7295C24D73 /* PreviewView.swift */ = {isa = PBXFileReference; lastKnownFileType = sourcecode.swift; path = PreviewView.swift; sourceTree = "<group>"; };
		C28A4726881D9608DC88CFEB /* QuickLookExtension.appex */ = {isa = PBXFileReference; explicitFileType = "wrapper.app-extension"; includeInIndex = 0; path = QuickLookExtension.appex; sourceTree = BUILT_PRODUCTS_DIR; };
		CADBA398014672D2605600EA /* Quartz.framework */ = {isa = PBXFileReference; lastKnownFileType = wrapper.framework; name = Quartz.framework; path = System/Library/Frameworks/Quartz.framework; sourceTree = SDKROOT; };
		CE470A1F22FC6F8710654390 /* ThumbnailExtension.appex */ = {isa = PBXFileReference; explicitFileType = "wrapper.app-extension"; includeInIndex = 0; path = ThumbnailExtension.appex; sourceTree = BUILT_PRODUCTS_DIR; };
		F6DF8B1EC5C0D6100601C9B1 /* Info.plist */ = {isa = PBXFileReference; lastKnownFileType = text.plist; path = Info.plist; sourceTree = "<group>"; };
/* End PBXFileReference section */

/* Begin PBXFrameworksBuildPhase section */
		3E03F8990F331469EE352759 /* Frameworks */ = {
			isa = PBXFrameworksBuildPhase;
			buildActionMask = 2147483647;
			files = (
				F2AEAED197DB8A5E9933AF6D /* MarkdownShared in Frameworks */,
			);
			runOnlyForDeploymentPostprocessing = 0;
		};
		81057CCC298450095411F750 /* Frameworks */ = {
			isa = PBXFrameworksBuildPhase;
			buildActionMask = 2147483647;
			files = (
				559CD285503F42E24582D654 /* MarkdownShared in Frameworks */,
			);
			runOnlyForDeploymentPostprocessing = 0;
		};
		FC5FF79AE22922D2517D2A9F /* Frameworks */ = {
			isa = PBXFrameworksBuildPhase;
			buildActionMask = 2147483647;
			files = (
				FF5C6BCCED96C2283FE8922B /* MarkdownShared in Frameworks */,
				D1B1D90ABC64A87E7742B980 /* Quartz.framework in Frameworks */,
			);
			runOnlyForDeploymentPostprocessing = 0;
		};
/* End PBXFrameworksBuildPhase section */

/* Begin PBXGroup section */
		288D4045FC55F649585A3886 /* App */ = {
			isa = PBXGroup;
			children = (
				AF4F19274ACC923062DE0FFF /* ContentView.swift */,
				3C5652593496F8816C74C27E /* FinderMDApp.swift */,
			);
			path = App;
			sourceTree = "<group>";
		};
		4EBFEA7B56A2D5E36F7B25A2 /* QuickLookExtension */ = {
			isa = PBXGroup;
			children = (
				68BDAFCFB5A3A6101AED6ECB /* Info.plist */,
				0B7220D2C68FA233D6CF0917 /* PreviewViewController.swift */,
			);
			path = QuickLookExtension;
			sourceTree = "<group>";
		};
		797762139840D3D5C397C5E4 /* Models */ = {
			isa = PBXGroup;
			children = (
				B7DDADA5F05AF9795F9C48CA /* AppSettings.swift */,
			);
			path = Models;
			sourceTree = "<group>";
		};
		82CFFF69EF891EED14085DE8 = {
			isa = PBXGroup;
			children = (
				A88848637EA82683AB82AFCE /* FinderMD */,
				E3D41580732FA042CF4FA6FD /* Packages */,
				4EBFEA7B56A2D5E36F7B25A2 /* QuickLookExtension */,
				8ED5C0EE1B52E630462A1754 /* ThumbnailExtension */,
				F2832C65F036E7317746BD5F /* Frameworks */,
				8D1CE3ADD5480AE7C0703017 /* Products */,
			);
			sourceTree = "<group>";
		};
		8D1CE3ADD5480AE7C0703017 /* Products */ = {
			isa = PBXGroup;
			children = (
				521027EC1B2371DDADCC92CB /* FinderMD.app */,
				C28A4726881D9608DC88CFEB /* QuickLookExtension.appex */,
				CE470A1F22FC6F8710654390 /* ThumbnailExtension.appex */,
			);
			name = Products;
			sourceTree = "<group>";
		};
		8ED5C0EE1B52E630462A1754 /* ThumbnailExtension */ = {
			isa = PBXGroup;
			children = (
				8F2605DE6FB4ADD71B0B747B /* Info.plist */,
				55994B1C5D8B5559071B0058 /* ThumbnailProvider.swift */,
			);
			path = ThumbnailExtension;
			sourceTree = "<group>";
		};
		979E51B69472AB7DCFBAAEDD /* Views */ = {
			isa = PBXGroup;
			children = (
				240FC258E3F09BE9069741FD /* ExtensionStatusView.swift */,
				0937D8E30AD06B5850F71E82 /* FontSettingsView.swift */,
				C1E934B47E68FD7295C24D73 /* PreviewView.swift */,
				A0983966C30B2926236C6C8A /* ThemeSettingsView.swift */,
			);
			path = Views;
			sourceTree = "<group>";
		};
		A88848637EA82683AB82AFCE /* FinderMD */ = {
			isa = PBXGroup;
			children = (
				F6DF8B1EC5C0D6100601C9B1 /* Info.plist */,
				288D4045FC55F649585A3886 /* App */,
				797762139840D3D5C397C5E4 /* Models */,
				979E51B69472AB7DCFBAAEDD /* Views */,
			);
			path = FinderMD;
			sourceTree = "<group>";
		};
		E3D41580732FA042CF4FA6FD /* Packages */ = {
			isa = PBXGroup;
			children = (
				5D2360C503D5A7FF5720FA7A /* MarkdownShared */,
			);
			name = Packages;
			sourceTree = "<group>";
		};
		F2832C65F036E7317746BD5F /* Frameworks */ = {
			isa = PBXGroup;
			children = (
				CADBA398014672D2605600EA /* Quartz.framework */,
			);
			name = Frameworks;
			sourceTree = "<group>";
		};
/* End PBXGroup section */

/* Begin PBXNativeTarget section */
		2B3CFA6F0F8A04B3D5ADE41A /* ThumbnailExtension */ = {
			isa = PBXNativeTarget;
			buildConfigurationList = 59F6DB253840B33CA49B0225 /* Build configuration list for PBXNativeTarget "ThumbnailExtension" */;
			buildPhases = (
				3FCA02393909EEE93A67BA82 /* Sources */,
				81057CCC298450095411F750 /* Frameworks */,
			);
			buildRules = (
			);
			dependencies = (
			);
			name = ThumbnailExtension;
			packageProductDependencies = (
				7D8154FA13F173BA91BC7FC8 /* MarkdownShared */,
			);
			productName = ThumbnailExtension;
			productReference = CE470A1F22FC6F8710654390 /* ThumbnailExtension.appex */;
			productType = "com.apple.product-type.app-extension";
		};
		D8F0C177B022270F6FA041A2 /* QuickLookExtension */ = {
			isa = PBXNativeTarget;
			buildConfigurationList = 415FFB4F46772E1CDBA0497E /* Build configuration list for PBXNativeTarget "QuickLookExtension" */;
			buildPhases = (
				897D4281F5BB238FA4000F3F /* Sources */,
				FC5FF79AE22922D2517D2A9F /* Frameworks */,
			);
			buildRules = (
			);
			dependencies = (
			);
			name = QuickLookExtension;
			packageProductDependencies = (
				2E32E581FA5047CC37418680 /* MarkdownShared */,
			);
			productName = QuickLookExtension;
			productReference = C28A4726881D9608DC88CFEB /* QuickLookExtension.appex */;
			productType = "com.apple.product-type.app-extension";
		};
		E234FC811CDC9608220B2241 /* FinderMD */ = {
			isa = PBXNativeTarget;
			buildConfigurationList = 334BAA6546348828A6E60A8F /* Build configuration list for PBXNativeTarget "FinderMD" */;
			buildPhases = (
				01D80EFFDBE84722FEA505E9 /* Sources */,
				3E03F8990F331469EE352759 /* Frameworks */,
				FF954CEE9E8ED3BCAE2314D9 /* Embed Foundation Extensions */,
			);
			buildRules = (
			);
			dependencies = (
				519B95CAAF24E8D4F8F0BFC8 /* PBXTargetDependency */,
				CC204A6984EBFCE19E7AADF0 /* PBXTargetDependency */,
			);
			name = FinderMD;
			packageProductDependencies = (
				09C3A5AFF36B054624BCAE4E /* MarkdownShared */,
			);
			productName = FinderMD;
			productReference = 521027EC1B2371DDADCC92CB /* FinderMD.app */;
			productType = "com.apple.product-type.application";
		};
/* End PBXNativeTarget section */

/* Begin PBXProject section */
		6842D69833255521C3A45C4F /* Project object */ = {
			isa = PBXProject;
			attributes = {
				BuildIndependentTargetsInParallel = YES;
				LastUpgradeCheck = 1620;
				TargetAttributes = {
					2B3CFA6F0F8A04B3D5ADE41A = {
						DevelopmentTeam = 23VMB3S28N;
						ProvisioningStyle = Automatic;
					};
					D8F0C177B022270F6FA041A2 = {
						DevelopmentTeam = 23VMB3S28N;
						ProvisioningStyle = Automatic;
					};
					E234FC811CDC9608220B2241 = {
						DevelopmentTeam = 23VMB3S28N;
						ProvisioningStyle = Automatic;
					};
				};
			};
			buildConfigurationList = CE2A5072E54D974818939D6C /* Build configuration list for PBXProject "FinderMD" */;
			compatibilityVersion = "Xcode 14.0";
			developmentRegion = en;
			hasScannedForEncodings = 0;
			knownRegions = (
				Base,
				en,
			);
			mainGroup = 82CFFF69EF891EED14085DE8;
			minimizedProjectReferenceProxies = 1;
			packageReferences = (
				7D4AD5F55D680A7B4465878F /* XCLocalSwiftPackageReference "MarkdownShared" */,
			);
			preferredProjectObjectVersion = 77;
			projectDirPath = "";
			projectRoot = "";
			targets = (
				E234FC811CDC9608220B2241 /* FinderMD */,
				D8F0C177B022270F6FA041A2 /* QuickLookExtension */,
				2B3CFA6F0F8A04B3D5ADE41A /* ThumbnailExtension */,
			);
		};
/* End PBXProject section */

/* Begin PBXSourcesBuildPhase section */
		01D80EFFDBE84722FEA505E9 /* Sources */ = {
			isa = PBXSourcesBuildPhase;
			buildActionMask = 2147483647;
			files = (
				5DA738FE4CEF86F772EEB0FA /* AppSettings.swift in Sources */,
				2F43BEEEE2A01B9DFDB4CB59 /* ContentView.swift in Sources */,
				8049D3532EA7A1FC992E6D2D /* ExtensionStatusView.swift in Sources */,
				1EF66FBB529C8738382973B7 /* FinderMDApp.swift in Sources */,
				3B276B3868EB0ABB747DE248 /* FontSettingsView.swift in Sources */,
				2B4B381BC897D464ED027E73 /* PreviewView.swift in Sources */,
				2569CBA05BA9A8F3F64B338E /* ThemeSettingsView.swift in Sources */,
			);
			runOnlyForDeploymentPostprocessing = 0;
		};
		3FCA02393909EEE93A67BA82 /* Sources */ = {
			isa = PBXSourcesBuildPhase;
			buildActionMask = 2147483647;
			files = (
				348ECCC8A9A213526EA7EB92 /* ThumbnailProvider.swift in Sources */,
			);
			runOnlyForDeploymentPostprocessing = 0;
		};
		897D4281F5BB238FA4000F3F /* Sources */ = {
			isa = PBXSourcesBuildPhase;
			buildActionMask = 2147483647;
			files = (
				B3ADFDB903A59052F07DCE54 /* PreviewViewController.swift in Sources */,
			);
			runOnlyForDeploymentPostprocessing = 0;
		};
/* End PBXSourcesBuildPhase section */

/* Begin PBXTargetDependency section */
		519B95CAAF24E8D4F8F0BFC8 /* PBXTargetDependency */ = {
			isa = PBXTargetDependency;
			target = D8F0C177B022270F6FA041A2 /* QuickLookExtension */;
			targetProxy = 2225F2DD82352D06D830BCC8 /* PBXContainerItemProxy */;
		};
		CC204A6984EBFCE19E7AADF0 /* PBXTargetDependency */ = {
			isa = PBXTargetDependency;
			target = 2B3CFA6F0F8A04B3D5ADE41A /* ThumbnailExtension */;
			targetProxy = 8CB17FBCB9452E04AD443A8A /* PBXContainerItemProxy */;
		};
/* End PBXTargetDependency section */

/* Begin XCBuildConfiguration section */
		0490DE1A5E5A539A53BFAC53 /* Release */ = {
			isa = XCBuildConfiguration;
			buildSettings = {
				ASSETCATALOG_COMPILER_APPICON_NAME = AppIcon;
				CODE_SIGN_ENTITLEMENTS = FinderMD/FinderMD.entitlements;
				COMBINE_HIDPI_IMAGES = YES;
				INFOPLIST_FILE = FinderMD/Info.plist;
				LD_RUNPATH_SEARCH_PATHS = (
					"$(inherited)",
					"@executable_path/../Frameworks",
				);
				PRODUCT_BUNDLE_IDENTIFIER = com.findermd.app;
				SDKROOT = macosx;
			};
			name = Release;
		};
		4DC78D00DE99F54BC478A619 /* Debug */ = {
			isa = XCBuildConfiguration;
			buildSettings = {
				ASSETCATALOG_COMPILER_APPICON_NAME = AppIcon;
				CODE_SIGN_ENTITLEMENTS = FinderMD/FinderMD.entitlements;
				COMBINE_HIDPI_IMAGES = YES;
				INFOPLIST_FILE = FinderMD/Info.plist;
				LD_RUNPATH_SEARCH_PATHS = (
					"$(inherited)",
					"@executable_path/../Frameworks",
				);
				PRODUCT_BUNDLE_IDENTIFIER = com.findermd.app;
				SDKROOT = macosx;
			};
			name = Debug;
		};
		7C18E2176ED82DFDF998709C /* Debug */ = {
			isa = XCBuildConfiguration;
			buildSettings = {
				ALWAYS_SEARCH_USER_PATHS = NO;
				CLANG_ANALYZER_NONNULL = YES;
				CLANG_ANALYZER_NUMBER_OBJECT_CONVERSION = YES_AGGRESSIVE;
				CLANG_CXX_LANGUAGE_STANDARD = "gnu++14";
				CLANG_CXX_LIBRARY = "libc++";
				CLANG_ENABLE_MODULES = YES;
				CLANG_ENABLE_OBJC_ARC = YES;
				CLANG_ENABLE_OBJC_WEAK = YES;
				CLANG_WARN_BLOCK_CAPTURE_AUTORELEASING = YES;
				CLANG_WARN_BOOL_CONVERSION = YES;
				CLANG_WARN_COMMA = YES;
				CLANG_WARN_CONSTANT_CONVERSION = YES;
				CLANG_WARN_DEPRECATED_OBJC_IMPLEMENTATIONS = YES;
				CLANG_WARN_DIRECT_OBJC_ISA_USAGE = YES_ERROR;
				CLANG_WARN_DOCUMENTATION_COMMENTS = YES;
				CLANG_WARN_EMPTY_BODY = YES;
				CLANG_WARN_ENUM_CONVERSION = YES;
				CLANG_WARN_INFINITE_RECURSION = YES;
				CLANG_WARN_INT_CONVERSION = YES;
				CLANG_WARN_NON_LITERAL_NULL_CONVERSION = YES;
				CLANG_WARN_OBJC_IMPLICIT_RETAIN_SELF = YES;
				CLANG_WARN_OBJC_LITERAL_CONVERSION = YES;
				CLANG_WARN_OBJC_ROOT_CLASS = YES_ERROR;
				CLANG_WARN_QUOTED_INCLUDE_IN_FRAMEWORK_HEADER = YES;
				CLANG_WARN_RANGE_LOOP_ANALYSIS = YES;
				CLANG_WARN_STRICT_PROTOTYPES = YES;
				CLANG_WARN_SUSPICIOUS_MOVE = YES;
				CLANG_WARN_UNGUARDED_AVAILABILITY = YES_AGGRESSIVE;
				CLANG_WARN_UNREACHABLE_CODE = YES;
				CLANG_WARN__DUPLICATE_METHOD_MATCH = YES;
				CODE_SIGN_STYLE = Automatic;
				COPY_PHASE_STRIP = NO;
				CURRENT_PROJECT_VERSION = 1;
				DEBUG_INFORMATION_FORMAT = dwarf;
				DEVELOPMENT_TEAM = 23VMB3S28N;
				ENABLE_STRICT_OBJC_MSGSEND = YES;
				ENABLE_TESTABILITY = YES;
				GCC_C_LANGUAGE_STANDARD = gnu11;
				GCC_DYNAMIC_NO_PIC = NO;
				GCC_NO_COMMON_BLOCKS = YES;
				GCC_OPTIMIZATION_LEVEL = 0;
				GCC_PREPROCESSOR_DEFINITIONS = (
					"$(inherited)",
					"DEBUG=1",
				);
				GCC_WARN_64_TO_32_BIT_CONVERSION = YES;
				GCC_WARN_ABOUT_RETURN_TYPE = YES_ERROR;
				GCC_WARN_UNDECLARED_SELECTOR = YES;
				GCC_WARN_UNINITIALIZED_AUTOS = YES_AGGRESSIVE;
				GCC_WARN_UNUSED_FUNCTION = YES;
				GCC_WARN_UNUSED_VARIABLE = YES;
				MACOSX_DEPLOYMENT_TARGET = 14.0;
				MARKETING_VERSION = 1.0.0;
				MTL_ENABLE_DEBUG_INFO = INCLUDE_SOURCE;
				MTL_FAST_MATH = YES;
				ONLY_ACTIVE_ARCH = YES;
				PRODUCT_NAME = "$(TARGET_NAME)";
				SDKROOT = macosx;
				SWIFT_ACTIVE_COMPILATION_CONDITIONS = DEBUG;
				SWIFT_OPTIMIZATION_LEVEL = "-Onone";
				SWIFT_VERSION = 5.10;
			};
			name = Debug;
		};
		9717B6AC6FC436D5979830FD /* Debug */ = {
			isa = XCBuildConfiguration;
			buildSettings = {
				CODE_SIGN_ENTITLEMENTS = ThumbnailExtension/ThumbnailExtension.entitlements;
				COMBINE_HIDPI_IMAGES = YES;
				INFOPLIST_FILE = ThumbnailExtension/Info.plist;
				LD_RUNPATH_SEARCH_PATHS = (
					"$(inherited)",
					"@executable_path/../Frameworks",
					"@executable_path/../../../../Frameworks",
				);
				PRODUCT_BUNDLE_IDENTIFIER = com.findermd.app.thumbnail;
				SDKROOT = macosx;
			};
			name = Debug;
		};
		A02A7478969A2D4E0EF82FB4 /* Release */ = {
			isa = XCBuildConfiguration;
			buildSettings = {
				CODE_SIGN_ENTITLEMENTS = ThumbnailExtension/ThumbnailExtension.entitlements;
				COMBINE_HIDPI_IMAGES = YES;
				INFOPLIST_FILE = ThumbnailExtension/Info.plist;
				LD_RUNPATH_SEARCH_PATHS = (
					"$(inherited)",
					"@executable_path/../Frameworks",
					"@executable_path/../../../../Frameworks",
				);
				PRODUCT_BUNDLE_IDENTIFIER = com.findermd.app.thumbnail;
				SDKROOT = macosx;
			};
			name = Release;
		};
		BC3A1BBB16D692B041D0AB0F /* Release */ = {
			isa = XCBuildConfiguration;
			buildSettings = {
				ALWAYS_SEARCH_USER_PATHS = NO;
				CLANG_ANALYZER_NONNULL = YES;
				CLANG_ANALYZER_NUMBER_OBJECT_CONVERSION = YES_AGGRESSIVE;
				CLANG_CXX_LANGUAGE_STANDARD = "gnu++14";
				CLANG_CXX_LIBRARY = "libc++";
				CLANG_ENABLE_MODULES = YES;
				CLANG_ENABLE_OBJC_ARC = YES;
				CLANG_ENABLE_OBJC_WEAK = YES;
				CLANG_WARN_BLOCK_CAPTURE_AUTORELEASING = YES;
				CLANG_WARN_BOOL_CONVERSION = YES;
				CLANG_WARN_COMMA = YES;
				CLANG_WARN_CONSTANT_CONVERSION = YES;
				CLANG_WARN_DEPRECATED_OBJC_IMPLEMENTATIONS = YES;
				CLANG_WARN_DIRECT_OBJC_ISA_USAGE = YES_ERROR;
				CLANG_WARN_DOCUMENTATION_COMMENTS = YES;
				CLANG_WARN_EMPTY_BODY = YES;
				CLANG_WARN_ENUM_CONVERSION = YES;
				CLANG_WARN_INFINITE_RECURSION = YES;
				CLANG_WARN_INT_CONVERSION = YES;
				CLANG_WARN_NON_LITERAL_NULL_CONVERSION = YES;
				CLANG_WARN_OBJC_IMPLICIT_RETAIN_SELF = YES;
				CLANG_WARN_OBJC_LITERAL_CONVERSION = YES;
				CLANG_WARN_OBJC_ROOT_CLASS = YES_ERROR;
				CLANG_WARN_QUOTED_INCLUDE_IN_FRAMEWORK_HEADER = YES;
				CLANG_WARN_RANGE_LOOP_ANALYSIS = YES;
				CLANG_WARN_STRICT_PROTOTYPES = YES;
				CLANG_WARN_SUSPICIOUS_MOVE = YES;
				CLANG_WARN_UNGUARDED_AVAILABILITY = YES_AGGRESSIVE;
				CLANG_WARN_UNREACHABLE_CODE = YES;
				CLANG_WARN__DUPLICATE_METHOD_MATCH = YES;
				CODE_SIGN_STYLE = Automatic;
				COPY_PHASE_STRIP = NO;
				CURRENT_PROJECT_VERSION = 1;
				DEBUG_INFORMATION_FORMAT = "dwarf-with-dsym";
				DEVELOPMENT_TEAM = 23VMB3S28N;
				ENABLE_NS_ASSERTIONS = NO;
				ENABLE_STRICT_OBJC_MSGSEND = YES;
				GCC_C_LANGUAGE_STANDARD = gnu11;
				GCC_NO_COMMON_BLOCKS = YES;
				GCC_WARN_64_TO_32_BIT_CONVERSION = YES;
				GCC_WARN_ABOUT_RETURN_TYPE = YES_ERROR;
				GCC_WARN_UNDECLARED_SELECTOR = YES;
				GCC_WARN_UNINITIALIZED_AUTOS = YES_AGGRESSIVE;
				GCC_WARN_UNUSED_FUNCTION = YES;
				GCC_WARN_UNUSED_VARIABLE = YES;
				MACOSX_DEPLOYMENT_TARGET = 14.0;
				MARKETING_VERSION = 1.0.0;
				MTL_ENABLE_DEBUG_INFO = NO;
				MTL_FAST_MATH = YES;
				PRODUCT_NAME = "$(TARGET_NAME)";
				SDKROOT = macosx;
				SWIFT_COMPILATION_MODE = wholemodule;
				SWIFT_OPTIMIZATION_LEVEL = "-O";
				SWIFT_VERSION = 5.10;
			};
			name = Release;
		};
		D776FCAA8C170861462D4E92 /* Release */ = {
			isa = XCBuildConfiguration;
			buildSettings = {
				CODE_SIGN_ENTITLEMENTS = QuickLookExtension/QuickLookExtension.entitlements;
				COMBINE_HIDPI_IMAGES = YES;
				INFOPLIST_FILE = QuickLookExtension/Info.plist;
				LD_RUNPATH_SEARCH_PATHS = (
					"$(inherited)",
					"@executable_path/../Frameworks",
					"@executable_path/../../../../Frameworks",
				);
				PRODUCT_BUNDLE_IDENTIFIER = com.findermd.app.quicklook;
				SDKROOT = macosx;
			};
			name = Release;
		};
		F369BB1110175BB308408A0F /* Debug */ = {
			isa = XCBuildConfiguration;
			buildSettings = {
				CODE_SIGN_ENTITLEMENTS = QuickLookExtension/QuickLookExtension.entitlements;
				COMBINE_HIDPI_IMAGES = YES;
				INFOPLIST_FILE = QuickLookExtension/Info.plist;
				LD_RUNPATH_SEARCH_PATHS = (
					"$(inherited)",
					"@executable_path/../Frameworks",
					"@executable_path/../../../../Frameworks",
				);
				PRODUCT_BUNDLE_IDENTIFIER = com.findermd.app.quicklook;
				SDKROOT = macosx;
			};
			name = Debug;
		};
/* End XCBuildConfiguration section */

/* Begin XCConfigurationList section */
		334BAA6546348828A6E60A8F /* Build configuration list for PBXNativeTarget "FinderMD" */ = {
			isa = XCConfigurationList;
			buildConfigurations = (
				4DC78D00DE99F54BC478A619 /* Debug */,
				0490DE1A5E5A539A53BFAC53 /* Release */,
			);
			defaultConfigurationIsVisible = 0;
			defaultConfigurationName = Debug;
		};
		415FFB4F46772E1CDBA0497E /* Build configuration list for PBXNativeTarget "QuickLookExtension" */ = {
			isa = XCConfigurationList;
			buildConfigurations = (
				F369BB1110175BB308408A0F /* Debug */,
				D776FCAA8C170861462D4E92 /* Release */,
			);
			defaultConfigurationIsVisible = 0;
			defaultConfigurationName = Debug;
		};
		59F6DB253840B33CA49B0225 /* Build configuration list for PBXNativeTarget "ThumbnailExtension" */ = {
			isa = XCConfigurationList;
			buildConfigurations = (
				9717B6AC6FC436D5979830FD /* Debug */,
				A02A7478969A2D4E0EF82FB4 /* Release */,
			);
			defaultConfigurationIsVisible = 0;
			defaultConfigurationName = Debug;
		};
		CE2A5072E54D974818939D6C /* Build configuration list for PBXProject "FinderMD" */ = {
			isa = XCConfigurationList;
			buildConfigurations = (
				7C18E2176ED82DFDF998709C /* Debug */,
				BC3A1BBB16D692B041D0AB0F /* Release */,
			);
			defaultConfigurationIsVisible = 0;
			defaultConfigurationName = Debug;
		};
/* End XCConfigurationList section */

/* Begin XCLocalSwiftPackageReference section */
		7D4AD5F55D680A7B4465878F /* XCLocalSwiftPackageReference "MarkdownShared" */ = {
			isa = XCLocalSwiftPackageReference;
			relativePath = MarkdownShared;
		};
/* End XCLocalSwiftPackageReference section */

/* Begin XCSwiftPackageProductDependency section */
		09C3A5AFF36B054624BCAE4E /* MarkdownShared */ = {
			isa = XCSwiftPackageProductDependency;
			productName = MarkdownShared;
		};
		2E32E581FA5047CC37418680 /* MarkdownShared */ = {
			isa = XCSwiftPackageProductDependency;
			productName = MarkdownShared;
		};
		7D8154FA13F173BA91BC7FC8 /* MarkdownShared */ = {
			isa = XCSwiftPackageProductDependency;
			productName = MarkdownShared;
		};
/* End XCSwiftPackageProductDependency section */
	};
	rootObject = 6842D69833255521C3A45C4F /* Project object */;
}
